
Microsoft Visual Studio Solution File, Format Version 12.00
# Visual Studio 2012
Project("{FAE04EC0-301F-11D3-BF4B-00C04F79EFBC}") = "BasicMathCalculator", "BasicMathCalculator\BasicMathCalculator.csproj", "{7169F5AF-0673-452C-9E87-9B7A9A70D3B9}"
EndProject
Global
	GlobalSection(SolutionConfigurationPlatforms) = preSolution
		Debug|Any CPU = Debug|Any CPU
		Release|Any CPU = Release|Any CPU
	EndGlobalSection
	GlobalSection(ProjectConfigurationPlatforms) = postSolution
		{7169F5AF-0673-452C-9E87-9B7A9A70D3B9}.Debug|Any CPU.ActiveCfg = Debug|Any CPU
		{7169F5AF-0673-452C-9E87-9B7A9A70D3B9}.Debug|Any CPU.Build.0 = Debug|Any CPU
		{7169F5AF-0673-452C-9E87-9B7A9A70D3B9}.Release|Any CPU.ActiveCfg = Release|Any CPU
		{7169F5AF-0673-452C-9E87-9B7A9A70D3B9}.Release|Any CPU.Build.0 = Release|Any CPU
	EndGlobalSection
	GlobalSection(SolutionProperties) = preSolution
		HideSolutionNode = FALSE
	EndGlobalSection
EndGlobal
